
Microsoft Visual Studio Solution File, Format Version 12.00
# Visual Studio Version 17
VisualStudioVersion = 17.2.6
MinimumVisualStudioVersion = 10.0.40219.1
Project("{2150E333-8FDC-42A3-9474-1A3956D46DE8}") = "common", "common", "{D425C224-EA5F-4F17-A9F5-06AD501854C4}"
EndProject
Project("{2150E333-8FDC-42A3-9474-1A3956D46DE8}") = "client", "client", "{ED711009-8175-4193-BFDA-FD88C4B1E4AD}"
EndProject
Project("{2150E333-8FDC-42A3-9474-1A3956D46DE8}") = "server", "server", "{445E2A5D-0BFB-4C87-AC15-B703960BB22D}"
EndProject
Project("{9A19103F-16F7-4668-BE54-9A1E7A4F7556}") = "client", "client\client\client.csproj", "{E3F0F1AD-3821-455B-96E2-CEC89888908F}"
EndProject
Project("{9A19103F-16F7-4668-BE54-9A1E7A4F7556}") = "client.service", "client\client.service\client.service.csproj", "{F7ACA3CA-CC35-40AF-BEA6-B3EE211474BC}"
EndProject
Project("{2150E333-8FDC-42A3-9474-1A3956D46DE8}") = "plugins", "plugins", "{689218D7-FC93-47D5-A95B-66780B9D4870}"
EndProject
Project("{9A19103F-16F7-4668-BE54-9A1E7A4F7556}") = "client.service.ftp", "client\plugins\client.service.ftp\client.service.ftp.csproj", "{C19C3E49-5E27-480E-A3A3-E3CD39923730}"
EndProject
Project("{9A19103F-16F7-4668-BE54-9A1E7A4F7556}") = "client.service.logger", "client\plugins\client.service.logger\client.service.logger.csproj", "{A7E1A8C6-4159-4EBB-92DF-049DDEDEE7A2}"
EndProject
Project("{9A19103F-16F7-4668-BE54-9A1E7A4F7556}") = "client.service.tcpforward", "client\plugins\client.service.tcpforward\client.service.tcpforward.csproj", "{D5FD4D75-FE5F-4AE1-A8AC-89F4A8590538}"
EndProject
Project("{9A19103F-16F7-4668-BE54-9A1E7A4F7556}") = "server.service", "server\server.service\server.service.csproj", "{1FF71033-CC1C-44E2-B689-B0268127F29F}"
EndProject
Project("{9A19103F-16F7-4668-BE54-9A1E7A4F7556}") = "common.libs", "common\common.libs\common.libs.csproj", "{612FDDA6-39B6-456F-B3A0-36725B37AF79}"
EndProject
Project("{9A19103F-16F7-4668-BE54-9A1E7A4F7556}") = "common.server", "common\common.server\common.server.csproj", "{C2114A63-05C2-409E-A30B-7E4A28F13486}"
EndProject
Project("{9A19103F-16F7-4668-BE54-9A1E7A4F7556}") = "client.service.ui.api", "client\plugins\client.service.ui\client.service.ui.api\client.service.ui.api.csproj", "{A377D8BC-9F70-4969-AC5C-F4051F5DAA21}"
EndProject
Project("{2150E333-8FDC-42A3-9474-1A3956D46DE8}") = "client.service.ui", "client.service.ui", "{DE48968C-138E-44FA-8A4D-0A4508FA7037}"
EndProject
Project("{9A19103F-16F7-4668-BE54-9A1E7A4F7556}") = "client.service.ui.api.service", "client\plugins\client.service.ui\client.service.ui.api.service\client.service.ui.api.service.csproj", "{FE95EED5-0653-4F27-96C5-743CE31C69EE}"
EndProject
Project("{9A19103F-16F7-4668-BE54-9A1E7A4F7556}") = "common.tcpforward", "common\common.tcpforward\common.tcpforward.csproj", "{2E643340-FA3F-455E-88F5-DABA02C0C303}"
EndProject
Project("{2150E333-8FDC-42A3-9474-1A3956D46DE8}") = "plugins", "plugins", "{B678CEEF-2268-4906-9610-9B12CB9C4D7B}"
EndProject
Project("{9A19103F-16F7-4668-BE54-9A1E7A4F7556}") = "server.service.tcpforward", "server\plugins\server.service.tcpforward\server.service.tcpforward.csproj", "{5F00A3EF-B3E8-48CA-8C0F-881D92537E4C}"
EndProject
Project("{9A19103F-16F7-4668-BE54-9A1E7A4F7556}") = "server", "server\server\server.csproj", "{0474D5EF-A792-4B48-8C3A-A799CB607CA5}"
EndProject
Project("{9A19103F-16F7-4668-BE54-9A1E7A4F7556}") = "server.service.manager", "server\plugins\server.service.manager\server.service.manager.csproj", "{DD93A981-616B-44E4-AC94-0E8038383ED3}"
EndProject
Project("{9A19103F-16F7-4668-BE54-9A1E7A4F7556}") = "client.service.ui.api.manager", "client\plugins\client.service.ui\client.service.ui.api.manager\client.service.ui.api.manager.csproj", "{2E96E681-E4C0-4435-9E40-FEDC764AEBAF}"
EndProject
Project("{9A19103F-16F7-4668-BE54-9A1E7A4F7556}") = "server.service.manager.models", "server\plugins\server.service.manager.models\server.service.manager.models.csproj", "{4F675D50-D404-4114-8D44-018E50487FC9}"
EndProject
Project("{9A19103F-16F7-4668-BE54-9A1E7A4F7556}") = "common.socks5", "common\common.socks5\common.socks5.csproj", "{103E0606-960F-4F07-9D5D-09E676DE6CE5}"
EndProject
Project("{9A19103F-16F7-4668-BE54-9A1E7A4F7556}") = "client.service.socks5", "client\plugins\client.service.socks5\client.service.socks5.csproj", "{D0B44323-A3CD-467C-8CEC-30A3FC11F2A2}"
EndProject
Project("{9A19103F-16F7-4668-BE54-9A1E7A4F7556}") = "server.service.socks5", "server\plugins\server.service.socks5\server.service.socks5.csproj", "{B6E48721-2F7F-4F57-BF9E-0FBD8684943C}"
EndProject
Project("{9A19103F-16F7-4668-BE54-9A1E7A4F7556}") = "client.service.tray", "client\client.service.tray\client.service.tray.csproj", "{1D122416-0ACB-491B-A42A-D60DF957F736}"
EndProject
Project("{9A19103F-16F7-4668-BE54-9A1E7A4F7556}") = "client.service.command", "client\client.service.command\client.service.command.csproj", "{CFB41708-C285-4CE1-B486-DF11BA2CA054}"
EndProject
Project("{9A19103F-16F7-4668-BE54-9A1E7A4F7556}") = "common.udpforward", "common\common.udpforward\common.udpforward.csproj", "{76F8DB50-EF60-466F-920F-99234919F5A6}"
EndProject
Project("{9A19103F-16F7-4668-BE54-9A1E7A4F7556}") = "client.service.udpforward", "client\plugins\client.service.udpforward\client.service.udpforward.csproj", "{779E0116-44BB-4E75-B75B-02075569F276}"
EndProject
Project("{9A19103F-16F7-4668-BE54-9A1E7A4F7556}") = "server.service.udpforward", "server\plugins\server.service.udpforward\server.service.udpforward.csproj", "{259ECEB0-8218-4C64-82CE-E947B70F602E}"
EndProject
Project("{9A19103F-16F7-4668-BE54-9A1E7A4F7556}") = "client.service.app", "client\client.service.app\client.service.app.csproj", "{64E4925A-CA3D-4CB8-8377-6F319F89962F}"
EndProject
Project("{9A19103F-16F7-4668-BE54-9A1E7A4F7556}") = "client.realize", "client\client.realize\client.realize.csproj", "{B281838A-3805-48EA-8368-5A1AFD59F95E}"
EndProject
Project("{FAE04EC0-301F-11D3-BF4B-00C04F79EFBC}") = "client.service.vea", "client\plugins\client.service.vea\client.service.vea.csproj", "{DD690846-BCD7-464A-A330-C3B3D11B304B}"
EndProject
Global
	GlobalSection(SolutionConfigurationPlatforms) = preSolution
		Debug|Any CPU = Debug|Any CPU
		Debug|x64 = Debug|x64
		Release|Any CPU = Release|Any CPU
		Release|x64 = Release|x64
	EndGlobalSection
	GlobalSection(ProjectConfigurationPlatforms) = postSolution
		{E3F0F1AD-3821-455B-96E2-CEC89888908F}.Debug|Any CPU.ActiveCfg = Debug|Any CPU
		{E3F0F1AD-3821-455B-96E2-CEC89888908F}.Debug|Any CPU.Build.0 = Debug|Any CPU
		{E3F0F1AD-3821-455B-96E2-CEC89888908F}.Debug|x64.ActiveCfg = Debug|Any CPU
		{E3F0F1AD-3821-455B-96E2-CEC89888908F}.Debug|x64.Build.0 = Debug|Any CPU
		{E3F0F1AD-3821-455B-96E2-CEC89888908F}.Release|Any CPU.ActiveCfg = Release|Any CPU
		{E3F0F1AD-3821-455B-96E2-CEC89888908F}.Release|Any CPU.Build.0 = Release|Any CPU
		{E3F0F1AD-3821-455B-96E2-CEC89888908F}.Release|x64.ActiveCfg = Release|Any CPU
		{E3F0F1AD-3821-455B-96E2-CEC89888908F}.Release|x64.Build.0 = Release|Any CPU
		{F7ACA3CA-CC35-40AF-BEA6-B3EE211474BC}.Debug|Any CPU.ActiveCfg = Debug|Any CPU
		{F7ACA3CA-CC35-40AF-BEA6-B3EE211474BC}.Debug|Any CPU.Build.0 = Debug|Any CPU
		{F7ACA3CA-CC35-40AF-BEA6-B3EE211474BC}.Debug|x64.ActiveCfg = Debug|Any CPU
		{F7ACA3CA-CC35-40AF-BEA6-B3EE211474BC}.Debug|x64.Build.0 = Debug|Any CPU
		{F7ACA3CA-CC35-40AF-BEA6-B3EE211474BC}.Release|Any CPU.ActiveCfg = Release|Any CPU
		{F7ACA3CA-CC35-40AF-BEA6-B3EE211474BC}.Release|Any CPU.Build.0 = Release|Any CPU
		{F7ACA3CA-CC35-40AF-BEA6-B3EE211474BC}.Release|x64.ActiveCfg = Release|Any CPU
		{F7ACA3CA-CC35-40AF-BEA6-B3EE211474BC}.Release|x64.Build.0 = Release|Any CPU
		{C19C3E49-5E27-480E-A3A3-E3CD39923730}.Debug|Any CPU.ActiveCfg = Debug|Any CPU
		{C19C3E49-5E27-480E-A3A3-E3CD39923730}.Debug|Any CPU.Build.0 = Debug|Any CPU
		{C19C3E49-5E27-480E-A3A3-E3CD39923730}.Debug|x64.ActiveCfg = Debug|Any CPU
		{C19C3E49-5E27-480E-A3A3-E3CD39923730}.Debug|x64.Build.0 = Debug|Any CPU
		{C19C3E49-5E27-480E-A3A3-E3CD39923730}.Release|Any CPU.ActiveCfg = Release|Any CPU
		{C19C3E49-5E27-480E-A3A3-E3CD39923730}.Release|Any CPU.Build.0 = Release|Any CPU
		{C19C3E49-5E27-480E-A3A3-E3CD39923730}.Release|x64.ActiveCfg = Release|Any CPU
		{C19C3E49-5E27-480E-A3A3-E3CD39923730}.Release|x64.Build.0 = Release|Any CPU
		{A7E1A8C6-4159-4EBB-92DF-049DDEDEE7A2}.Debug|Any CPU.ActiveCfg = Debug|Any CPU
		{A7E1A8C6-4159-4EBB-92DF-049DDEDEE7A2}.Debug|Any CPU.Build.0 = Debug|Any CPU
		{A7E1A8C6-4159-4EBB-92DF-049DDEDEE7A2}.Debug|x64.ActiveCfg = Debug|Any CPU
		{A7E1A8C6-4159-4EBB-92DF-049DDEDEE7A2}.Debug|x64.Build.0 = Debug|Any CPU
		{A7E1A8C6-4159-4EBB-92DF-049DDEDEE7A2}.Release|Any CPU.ActiveCfg = Release|Any CPU
		{A7E1A8C6-4159-4EBB-92DF-049DDEDEE7A2}.Release|Any CPU.Build.0 = Release|Any CPU
		{A7E1A8C6-4159-4EBB-92DF-049DDEDEE7A2}.Release|x64.ActiveCfg = Release|Any CPU
		{A7E1A8C6-4159-4EBB-92DF-049DDEDEE7A2}.Release|x64.Build.0 = Release|Any CPU
		{D5FD4D75-FE5F-4AE1-A8AC-89F4A8590538}.Debug|Any CPU.ActiveCfg = Debug|Any CPU
		{D5FD4D75-FE5F-4AE1-A8AC-89F4A8590538}.Debug|Any CPU.Build.0 = Debug|Any CPU
		{D5FD4D75-FE5F-4AE1-A8AC-89F4A8590538}.Debug|x64.ActiveCfg = Debug|Any CPU
		{D5FD4D75-FE5F-4AE1-A8AC-89F4A8590538}.Debug|x64.Build.0 = Debug|Any CPU
		{D5FD4D75-FE5F-4AE1-A8AC-89F4A8590538}.Release|Any CPU.ActiveCfg = Release|Any CPU
		{D5FD4D75-FE5F-4AE1-A8AC-89F4A8590538}.Release|Any CPU.Build.0 = Release|Any CPU
		{D5FD4D75-FE5F-4AE1-A8AC-89F4A8590538}.Release|x64.ActiveCfg = Release|Any CPU
		{D5FD4D75-FE5F-4AE1-A8AC-89F4A8590538}.Release|x64.Build.0 = Release|Any CPU
		{1FF71033-CC1C-44E2-B689-B0268127F29F}.Debug|Any CPU.ActiveCfg = Debug|Any CPU
		{1FF71033-CC1C-44E2-B689-B0268127F29F}.Debug|Any CPU.Build.0 = Debug|Any CPU
		{1FF71033-CC1C-44E2-B689-B0268127F29F}.Debug|x64.ActiveCfg = Debug|Any CPU
		{1FF71033-CC1C-44E2-B689-B0268127F29F}.Debug|x64.Build.0 = Debug|Any CPU
		{1FF71033-CC1C-44E2-B689-B0268127F29F}.Release|Any CPU.ActiveCfg = Release|Any CPU
		{1FF71033-CC1C-44E2-B689-B0268127F29F}.Release|Any CPU.Build.0 = Release|Any CPU
		{1FF71033-CC1C-44E2-B689-B0268127F29F}.Release|x64.ActiveCfg = Release|Any CPU
		{1FF71033-CC1C-44E2-B689-B0268127F29F}.Release|x64.Build.0 = Release|Any CPU
		{612FDDA6-39B6-456F-B3A0-36725B37AF79}.Debug|Any CPU.ActiveCfg = Debug|Any CPU
		{612FDDA6-39B6-456F-B3A0-36725B37AF79}.Debug|Any CPU.Build.0 = Debug|Any CPU
		{612FDDA6-39B6-456F-B3A0-36725B37AF79}.Debug|x64.ActiveCfg = Debug|Any CPU
		{612FDDA6-39B6-456F-B3A0-36725B37AF79}.Debug|x64.Build.0 = Debug|Any CPU
		{612FDDA6-39B6-456F-B3A0-36725B37AF79}.Release|Any CPU.ActiveCfg = Release|Any CPU
		{612FDDA6-39B6-456F-B3A0-36725B37AF79}.Release|Any CPU.Build.0 = Release|Any CPU
		{612FDDA6-39B6-456F-B3A0-36725B37AF79}.Release|x64.ActiveCfg = Release|Any CPU
		{612FDDA6-39B6-456F-B3A0-36725B37AF79}.Release|x64.Build.0 = Release|Any CPU
		{C2114A63-05C2-409E-A30B-7E4A28F13486}.Debug|Any CPU.ActiveCfg = Debug|Any CPU
		{C2114A63-05C2-409E-A30B-7E4A28F13486}.Debug|Any CPU.Build.0 = Debug|Any CPU
		{C2114A63-05C2-409E-A30B-7E4A28F13486}.Debug|x64.ActiveCfg = Debug|Any CPU
		{C2114A63-05C2-409E-A30B-7E4A28F13486}.Debug|x64.Build.0 = Debug|Any CPU
		{C2114A63-05C2-409E-A30B-7E4A28F13486}.Release|Any CPU.ActiveCfg = Release|Any CPU
		{C2114A63-05C2-409E-A30B-7E4A28F13486}.Release|Any CPU.Build.0 = Release|Any CPU
		{C2114A63-05C2-409E-A30B-7E4A28F13486}.Release|x64.ActiveCfg = Release|Any CPU
		{C2114A63-05C2-409E-A30B-7E4A28F13486}.Release|x64.Build.0 = Release|Any CPU
		{A377D8BC-9F70-4969-AC5C-F4051F5DAA21}.Debug|Any CPU.ActiveCfg = Debug|Any CPU
		{A377D8BC-9F70-4969-AC5C-F4051F5DAA21}.Debug|Any CPU.Build.0 = Debug|Any CPU
		{A377D8BC-9F70-4969-AC5C-F4051F5DAA21}.Debug|x64.ActiveCfg = Debug|Any CPU
		{A377D8BC-9F70-4969-AC5C-F4051F5DAA21}.Debug|x64.Build.0 = Debug|Any CPU
		{A377D8BC-9F70-4969-AC5C-F4051F5DAA21}.Release|Any CPU.ActiveCfg = Release|Any CPU
		{A377D8BC-9F70-4969-AC5C-F4051F5DAA21}.Release|Any CPU.Build.0 = Release|Any CPU
		{A377D8BC-9F70-4969-AC5C-F4051F5DAA21}.Release|x64.ActiveCfg = Release|Any CPU
		{A377D8BC-9F70-4969-AC5C-F4051F5DAA21}.Release|x64.Build.0 = Release|Any CPU
		{FE95EED5-0653-4F27-96C5-743CE31C69EE}.Debug|Any CPU.ActiveCfg = Debug|Any CPU
		{FE95EED5-0653-4F27-96C5-743CE31C69EE}.Debug|Any CPU.Build.0 = Debug|Any CPU
		{FE95EED5-0653-4F27-96C5-743CE31C69EE}.Debug|x64.ActiveCfg = Debug|Any CPU
		{FE95EED5-0653-4F27-96C5-743CE31C69EE}.Debug|x64.Build.0 = Debug|Any CPU
		{FE95EED5-0653-4F27-96C5-743CE31C69EE}.Release|Any CPU.ActiveCfg = Release|Any CPU
		{FE95EED5-0653-4F27-96C5-743CE31C69EE}.Release|Any CPU.Build.0 = Release|Any CPU
		{FE95EED5-0653-4F27-96C5-743CE31C69EE}.Release|x64.ActiveCfg = Release|Any CPU
		{FE95EED5-0653-4F27-96C5-743CE31C69EE}.Release|x64.Build.0 = Release|Any CPU
		{2E643340-FA3F-455E-88F5-DABA02C0C303}.Debug|Any CPU.ActiveCfg = Debug|Any CPU
		{2E643340-FA3F-455E-88F5-DABA02C0C303}.Debug|Any CPU.Build.0 = Debug|Any CPU
		{2E643340-FA3F-455E-88F5-DABA02C0C303}.Debug|x64.ActiveCfg = Debug|Any CPU
		{2E643340-FA3F-455E-88F5-DABA02C0C303}.Debug|x64.Build.0 = Debug|Any CPU
		{2E643340-FA3F-455E-88F5-DABA02C0C303}.Release|Any CPU.ActiveCfg = Release|Any CPU
		{2E643340-FA3F-455E-88F5-DABA02C0C303}.Release|Any CPU.Build.0 = Release|Any CPU
		{2E643340-FA3F-455E-88F5-DABA02C0C303}.Release|x64.ActiveCfg = Release|Any CPU
		{2E643340-FA3F-455E-88F5-DABA02C0C303}.Release|x64.Build.0 = Release|Any CPU
		{5F00A3EF-B3E8-48CA-8C0F-881D92537E4C}.Debug|Any CPU.ActiveCfg = Debug|Any CPU
		{5F00A3EF-B3E8-48CA-8C0F-881D92537E4C}.Debug|Any CPU.Build.0 = Debug|Any CPU
		{5F00A3EF-B3E8-48CA-8C0F-881D92537E4C}.Debug|x64.ActiveCfg = Debug|Any CPU
		{5F00A3EF-B3E8-48CA-8C0F-881D92537E4C}.Debug|x64.Build.0 = Debug|Any CPU
		{5F00A3EF-B3E8-48CA-8C0F-881D92537E4C}.Release|Any CPU.ActiveCfg = Release|Any CPU
		{5F00A3EF-B3E8-48CA-8C0F-881D92537E4C}.Release|Any CPU.Build.0 = Release|Any CPU
		{5F00A3EF-B3E8-48CA-8C0F-881D92537E4C}.Release|x64.ActiveCfg = Release|Any CPU
		{5F00A3EF-B3E8-48CA-8C0F-881D92537E4C}.Release|x64.Build.0 = Release|Any CPU
		{0474D5EF-A792-4B48-8C3A-A799CB607CA5}.Debug|Any CPU.ActiveCfg = Debug|Any CPU
		{0474D5EF-A792-4B48-8C3A-A799CB607CA5}.Debug|Any CPU.Build.0 = Debug|Any CPU
		{0474D5EF-A792-4B48-8C3A-A799CB607CA5}.Debug|x64.ActiveCfg = Debug|Any CPU
		{0474D5EF-A792-4B48-8C3A-A799CB607CA5}.Debug|x64.Build.0 = Debug|Any CPU
		{0474D5EF-A792-4B48-8C3A-A799CB607CA5}.Release|Any CPU.ActiveCfg = Release|Any CPU
		{0474D5EF-A792-4B48-8C3A-A799CB607CA5}.Release|Any CPU.Build.0 = Release|Any CPU
		{0474D5EF-A792-4B48-8C3A-A799CB607CA5}.Release|x64.ActiveCfg = Release|Any CPU
		{0474D5EF-A792-4B48-8C3A-A799CB607CA5}.Release|x64.Build.0 = Release|Any CPU
		{DD93A981-616B-44E4-AC94-0E8038383ED3}.Debug|Any CPU.ActiveCfg = Debug|Any CPU
		{DD93A981-616B-44E4-AC94-0E8038383ED3}.Debug|Any CPU.Build.0 = Debug|Any CPU
		{DD93A981-616B-44E4-AC94-0E8038383ED3}.Debug|x64.ActiveCfg = Debug|Any CPU
		{DD93A981-616B-44E4-AC94-0E8038383ED3}.Debug|x64.Build.0 = Debug|Any CPU
		{DD93A981-616B-44E4-AC94-0E8038383ED3}.Release|Any CPU.ActiveCfg = Release|Any CPU
		{DD93A981-616B-44E4-AC94-0E8038383ED3}.Release|Any CPU.Build.0 = Release|Any CPU
		{DD93A981-616B-44E4-AC94-0E8038383ED3}.Release|x64.ActiveCfg = Release|Any CPU
		{DD93A981-616B-44E4-AC94-0E8038383ED3}.Release|x64.Build.0 = Release|Any CPU
		{2E96E681-E4C0-4435-9E40-FEDC764AEBAF}.Debug|Any CPU.ActiveCfg = Debug|Any CPU
		{2E96E681-E4C0-4435-9E40-FEDC764AEBAF}.Debug|Any CPU.Build.0 = Debug|Any CPU
		{2E96E681-E4C0-4435-9E40-FEDC764AEBAF}.Debug|x64.ActiveCfg = Debug|Any CPU
		{2E96E681-E4C0-4435-9E40-FEDC764AEBAF}.Debug|x64.Build.0 = Debug|Any CPU
		{2E96E681-E4C0-4435-9E40-FEDC764AEBAF}.Release|Any CPU.ActiveCfg = Release|Any CPU
		{2E96E681-E4C0-4435-9E40-FEDC764AEBAF}.Release|Any CPU.Build.0 = Release|Any CPU
		{2E96E681-E4C0-4435-9E40-FEDC764AEBAF}.Release|x64.ActiveCfg = Release|Any CPU
		{2E96E681-E4C0-4435-9E40-FEDC764AEBAF}.Release|x64.Build.0 = Release|Any CPU
		{4F675D50-D404-4114-8D44-018E50487FC9}.Debug|Any CPU.ActiveCfg = Debug|Any CPU
		{4F675D50-D404-4114-8D44-018E50487FC9}.Debug|Any CPU.Build.0 = Debug|Any CPU
		{4F675D50-D404-4114-8D44-018E50487FC9}.Debug|x64.ActiveCfg = Debug|Any CPU
		{4F675D50-D404-4114-8D44-018E50487FC9}.Debug|x64.Build.0 = Debug|Any CPU
		{4F675D50-D404-4114-8D44-018E50487FC9}.Release|Any CPU.ActiveCfg = Release|Any CPU
		{4F675D50-D404-4114-8D44-018E50487FC9}.Release|Any CPU.Build.0 = Release|Any CPU
		{4F675D50-D404-4114-8D44-018E50487FC9}.Release|x64.ActiveCfg = Release|Any CPU
		{4F675D50-D404-4114-8D44-018E50487FC9}.Release|x64.Build.0 = Release|Any CPU
		{103E0606-960F-4F07-9D5D-09E676DE6CE5}.Debug|Any CPU.ActiveCfg = Debug|Any CPU
		{103E0606-960F-4F07-9D5D-09E676DE6CE5}.Debug|Any CPU.Build.0 = Debug|Any CPU
		{103E0606-960F-4F07-9D5D-09E676DE6CE5}.Debug|x64.ActiveCfg = Debug|Any CPU
		{103E0606-960F-4F07-9D5D-09E676DE6CE5}.Debug|x64.Build.0 = Debug|Any CPU
		{103E0606-960F-4F07-9D5D-09E676DE6CE5}.Release|Any CPU.ActiveCfg = Release|Any CPU
		{103E0606-960F-4F07-9D5D-09E676DE6CE5}.Release|Any CPU.Build.0 = Release|Any CPU
		{103E0606-960F-4F07-9D5D-09E676DE6CE5}.Release|x64.ActiveCfg = Release|Any CPU
		{103E0606-960F-4F07-9D5D-09E676DE6CE5}.Release|x64.Build.0 = Release|Any CPU
		{D0B44323-A3CD-467C-8CEC-30A3FC11F2A2}.Debug|Any CPU.ActiveCfg = Debug|Any CPU
		{D0B44323-A3CD-467C-8CEC-30A3FC11F2A2}.Debug|Any CPU.Build.0 = Debug|Any CPU
		{D0B44323-A3CD-467C-8CEC-30A3FC11F2A2}.Debug|x64.ActiveCfg = Debug|Any CPU
		{D0B44323-A3CD-467C-8CEC-30A3FC11F2A2}.Debug|x64.Build.0 = Debug|Any CPU
		{D0B44323-A3CD-467C-8CEC-30A3FC11F2A2}.Release|Any CPU.ActiveCfg = Release|Any CPU
		{D0B44323-A3CD-467C-8CEC-30A3FC11F2A2}.Release|Any CPU.Build.0 = Release|Any CPU
		{D0B44323-A3CD-467C-8CEC-30A3FC11F2A2}.Release|x64.ActiveCfg = Release|Any CPU
		{D0B44323-A3CD-467C-8CEC-30A3FC11F2A2}.Release|x64.Build.0 = Release|Any CPU
		{B6E48721-2F7F-4F57-BF9E-0FBD8684943C}.Debug|Any CPU.ActiveCfg = Debug|Any CPU
		{B6E48721-2F7F-4F57-BF9E-0FBD8684943C}.Debug|Any CPU.Build.0 = Debug|Any CPU
		{B6E48721-2F7F-4F57-BF9E-0FBD8684943C}.Debug|x64.ActiveCfg = Debug|Any CPU
		{B6E48721-2F7F-4F57-BF9E-0FBD8684943C}.Debug|x64.Build.0 = Debug|Any CPU
		{B6E48721-2F7F-4F57-BF9E-0FBD8684943C}.Release|Any CPU.ActiveCfg = Release|Any CPU
		{B6E48721-2F7F-4F57-BF9E-0FBD8684943C}.Release|Any CPU.Build.0 = Release|Any CPU
		{B6E48721-2F7F-4F57-BF9E-0FBD8684943C}.Release|x64.ActiveCfg = Release|Any CPU
		{B6E48721-2F7F-4F57-BF9E-0FBD8684943C}.Release|x64.Build.0 = Release|Any CPU
		{1D122416-0ACB-491B-A42A-D60DF957F736}.Debug|Any CPU.ActiveCfg = Debug|Any CPU
		{1D122416-0ACB-491B-A42A-D60DF957F736}.Debug|Any CPU.Build.0 = Debug|Any CPU
		{1D122416-0ACB-491B-A42A-D60DF957F736}.Debug|x64.ActiveCfg = Debug|Any CPU
		{1D122416-0ACB-491B-A42A-D60DF957F736}.Debug|x64.Build.0 = Debug|Any CPU
		{1D122416-0ACB-491B-A42A-D60DF957F736}.Release|Any CPU.ActiveCfg = Release|Any CPU
		{1D122416-0ACB-491B-A42A-D60DF957F736}.Release|Any CPU.Build.0 = Release|Any CPU
		{1D122416-0ACB-491B-A42A-D60DF957F736}.Release|x64.ActiveCfg = Release|Any CPU
		{1D122416-0ACB-491B-A42A-D60DF957F736}.Release|x64.Build.0 = Release|Any CPU
		{CFB41708-C285-4CE1-B486-DF11BA2CA054}.Debug|Any CPU.ActiveCfg = Debug|Any CPU
		{CFB41708-C285-4CE1-B486-DF11BA2CA054}.Debug|Any CPU.Build.0 = Debug|Any CPU
		{CFB41708-C285-4CE1-B486-DF11BA2CA054}.Debug|x64.ActiveCfg = Debug|Any CPU
		{CFB41708-C285-4CE1-B486-DF11BA2CA054}.Debug|x64.Build.0 = Debug|Any CPU
		{CFB41708-C285-4CE1-B486-DF11BA2CA054}.Release|Any CPU.ActiveCfg = Release|Any CPU
		{CFB41708-C285-4CE1-B486-DF11BA2CA054}.Release|Any CPU.Build.0 = Release|Any CPU
		{CFB41708-C285-4CE1-B486-DF11BA2CA054}.Release|x64.ActiveCfg = Release|Any CPU
		{CFB41708-C285-4CE1-B486-DF11BA2CA054}.Release|x64.Build.0 = Release|Any CPU
		{76F8DB50-EF60-466F-920F-99234919F5A6}.Debug|Any CPU.ActiveCfg = Debug|Any CPU
		{76F8DB50-EF60-466F-920F-99234919F5A6}.Debug|Any CPU.Build.0 = Debug|Any CPU
		{76F8DB50-EF60-466F-920F-99234919F5A6}.Debug|x64.ActiveCfg = Debug|Any CPU
		{76F8DB50-EF60-466F-920F-99234919F5A6}.Debug|x64.Build.0 = Debug|Any CPU
		{76F8DB50-EF60-466F-920F-99234919F5A6}.Release|Any CPU.ActiveCfg = Release|Any CPU
		{76F8DB50-EF60-466F-920F-99234919F5A6}.Release|Any CPU.Build.0 = Release|Any CPU
		{76F8DB50-EF60-466F-920F-99234919F5A6}.Release|x64.ActiveCfg = Release|Any CPU
		{76F8DB50-EF60-466F-920F-99234919F5A6}.Release|x64.Build.0 = Release|Any CPU
		{779E0116-44BB-4E75-B75B-02075569F276}.Debug|Any CPU.ActiveCfg = Debug|Any CPU
		{779E0116-44BB-4E75-B75B-02075569F276}.Debug|Any CPU.Build.0 = Debug|Any CPU
		{779E0116-44BB-4E75-B75B-02075569F276}.Debug|x64.ActiveCfg = Debug|Any CPU
		{779E0116-44BB-4E75-B75B-02075569F276}.Debug|x64.Build.0 = Debug|Any CPU
		{779E0116-44BB-4E75-B75B-02075569F276}.Release|Any CPU.ActiveCfg = Release|Any CPU
		{779E0116-44BB-4E75-B75B-02075569F276}.Release|Any CPU.Build.0 = Release|Any CPU
		{779E0116-44BB-4E75-B75B-02075569F276}.Release|x64.ActiveCfg = Release|Any CPU
		{779E0116-44BB-4E75-B75B-02075569F276}.Release|x64.Build.0 = Release|Any CPU
		{259ECEB0-8218-4C64-82CE-E947B70F602E}.Debug|Any CPU.ActiveCfg = Debug|Any CPU
		{259ECEB0-8218-4C64-82CE-E947B70F602E}.Debug|Any CPU.Build.0 = Debug|Any CPU
		{259ECEB0-8218-4C64-82CE-E947B70F602E}.Debug|x64.ActiveCfg = Debug|Any CPU
		{259ECEB0-8218-4C64-82CE-E947B70F602E}.Debug|x64.Build.0 = Debug|Any CPU
		{259ECEB0-8218-4C64-82CE-E947B70F602E}.Release|Any CPU.ActiveCfg = Release|Any CPU
		{259ECEB0-8218-4C64-82CE-E947B70F602E}.Release|Any CPU.Build.0 = Release|Any CPU
		{259ECEB0-8218-4C64-82CE-E947B70F602E}.Release|x64.ActiveCfg = Release|Any CPU
		{259ECEB0-8218-4C64-82CE-E947B70F602E}.Release|x64.Build.0 = Release|Any CPU
		{64E4925A-CA3D-4CB8-8377-6F319F89962F}.Debug|Any CPU.ActiveCfg = Debug|Any CPU
		{64E4925A-CA3D-4CB8-8377-6F319F89962F}.Debug|Any CPU.Build.0 = Debug|Any CPU
		{64E4925A-CA3D-4CB8-8377-6F319F89962F}.Debug|Any CPU.Deploy.0 = Debug|Any CPU
		{64E4925A-CA3D-4CB8-8377-6F319F89962F}.Debug|x64.ActiveCfg = Debug|Any CPU
		{64E4925A-CA3D-4CB8-8377-6F319F89962F}.Debug|x64.Build.0 = Debug|Any CPU
		{64E4925A-CA3D-4CB8-8377-6F319F89962F}.Debug|x64.Deploy.0 = Debug|Any CPU
		{64E4925A-CA3D-4CB8-8377-6F319F89962F}.Release|Any CPU.ActiveCfg = Release|Any CPU
		{64E4925A-CA3D-4CB8-8377-6F319F89962F}.Release|Any CPU.Build.0 = Release|Any CPU
		{64E4925A-CA3D-4CB8-8377-6F319F89962F}.Release|Any CPU.Deploy.0 = Release|Any CPU
		{64E4925A-CA3D-4CB8-8377-6F319F89962F}.Release|x64.ActiveCfg = Release|Any CPU
		{64E4925A-CA3D-4CB8-8377-6F319F89962F}.Release|x64.Build.0 = Release|Any CPU
		{64E4925A-CA3D-4CB8-8377-6F319F89962F}.Release|x64.Deploy.0 = Release|Any CPU
		{B281838A-3805-48EA-8368-5A1AFD59F95E}.Debug|Any CPU.ActiveCfg = Debug|Any CPU
		{B281838A-3805-48EA-8368-5A1AFD59F95E}.Debug|Any CPU.Build.0 = Debug|Any CPU
		{B281838A-3805-48EA-8368-5A1AFD59F95E}.Debug|x64.ActiveCfg = Debug|Any CPU
		{B281838A-3805-48EA-8368-5A1AFD59F95E}.Debug|x64.Build.0 = Debug|Any CPU
		{B281838A-3805-48EA-8368-5A1AFD59F95E}.Release|Any CPU.ActiveCfg = Release|Any CPU
		{B281838A-3805-48EA-8368-5A1AFD59F95E}.Release|Any CPU.Build.0 = Release|Any CPU
		{B281838A-3805-48EA-8368-5A1AFD59F95E}.Release|x64.ActiveCfg = Release|Any CPU
		{B281838A-3805-48EA-8368-5A1AFD59F95E}.Release|x64.Build.0 = Release|Any CPU
		{DD690846-BCD7-464A-A330-C3B3D11B304B}.Debug|Any CPU.ActiveCfg = Debug|Any CPU
		{DD690846-BCD7-464A-A330-C3B3D11B304B}.Debug|Any CPU.Build.0 = Debug|Any CPU
		{DD690846-BCD7-464A-A330-C3B3D11B304B}.Debug|x64.ActiveCfg = Debug|Any CPU
		{DD690846-BCD7-464A-A330-C3B3D11B304B}.Debug|x64.Build.0 = Debug|Any CPU
		{DD690846-BCD7-464A-A330-C3B3D11B304B}.Release|Any CPU.ActiveCfg = Release|Any CPU
		{DD690846-BCD7-464A-A330-C3B3D11B304B}.Release|Any CPU.Build.0 = Release|Any CPU
		{DD690846-BCD7-464A-A330-C3B3D11B304B}.Release|x64.ActiveCfg = Release|Any CPU
		{DD690846-BCD7-464A-A330-C3B3D11B304B}.Release|x64.Build.0 = Release|Any CPU
	EndGlobalSection
	GlobalSection(SolutionProperties) = preSolution
		HideSolutionNode = FALSE
	EndGlobalSection
	GlobalSection(NestedProjects) = preSolution
		{E3F0F1AD-3821-455B-96E2-CEC89888908F} = {ED711009-8175-4193-BFDA-FD88C4B1E4AD}
		{F7ACA3CA-CC35-40AF-BEA6-B3EE211474BC} = {ED711009-8175-4193-BFDA-FD88C4B1E4AD}
		{689218D7-FC93-47D5-A95B-66780B9D4870} = {ED711009-8175-4193-BFDA-FD88C4B1E4AD}
		{C19C3E49-5E27-480E-A3A3-E3CD39923730} = {689218D7-FC93-47D5-A95B-66780B9D4870}
		{A7E1A8C6-4159-4EBB-92DF-049DDEDEE7A2} = {689218D7-FC93-47D5-A95B-66780B9D4870}
		{D5FD4D75-FE5F-4AE1-A8AC-89F4A8590538} = {689218D7-FC93-47D5-A95B-66780B9D4870}
		{1FF71033-CC1C-44E2-B689-B0268127F29F} = {445E2A5D-0BFB-4C87-AC15-B703960BB22D}
		{612FDDA6-39B6-456F-B3A0-36725B37AF79} = {D425C224-EA5F-4F17-A9F5-06AD501854C4}
		{C2114A63-05C2-409E-A30B-7E4A28F13486} = {D425C224-EA5F-4F17-A9F5-06AD501854C4}
		{A377D8BC-9F70-4969-AC5C-F4051F5DAA21} = {DE48968C-138E-44FA-8A4D-0A4508FA7037}
		{DE48968C-138E-44FA-8A4D-0A4508FA7037} = {689218D7-FC93-47D5-A95B-66780B9D4870}
		{FE95EED5-0653-4F27-96C5-743CE31C69EE} = {DE48968C-138E-44FA-8A4D-0A4508FA7037}
		{2E643340-FA3F-455E-88F5-DABA02C0C303} = {D425C224-EA5F-4F17-A9F5-06AD501854C4}
		{B678CEEF-2268-4906-9610-9B12CB9C4D7B} = {445E2A5D-0BFB-4C87-AC15-B703960BB22D}
		{5F00A3EF-B3E8-48CA-8C0F-881D92537E4C} = {B678CEEF-2268-4906-9610-9B12CB9C4D7B}
		{0474D5EF-A792-4B48-8C3A-A799CB607CA5} = {445E2A5D-0BFB-4C87-AC15-B703960BB22D}
		{DD93A981-616B-44E4-AC94-0E8038383ED3} = {B678CEEF-2268-4906-9610-9B12CB9C4D7B}
		{2E96E681-E4C0-4435-9E40-FEDC764AEBAF} = {DE48968C-138E-44FA-8A4D-0A4508FA7037}
		{4F675D50-D404-4114-8D44-018E50487FC9} = {B678CEEF-2268-4906-9610-9B12CB9C4D7B}
		{103E0606-960F-4F07-9D5D-09E676DE6CE5} = {D425C224-EA5F-4F17-A9F5-06AD501854C4}
		{D0B44323-A3CD-467C-8CEC-30A3FC11F2A2} = {689218D7-FC93-47D5-A95B-66780B9D4870}
		{B6E48721-2F7F-4F57-BF9E-0FBD8684943C} = {B678CEEF-2268-4906-9610-9B12CB9C4D7B}
		{1D122416-0ACB-491B-A42A-D60DF957F736} = {ED711009-8175-4193-BFDA-FD88C4B1E4AD}
		{CFB41708-C285-4CE1-B486-DF11BA2CA054} = {ED711009-8175-4193-BFDA-FD88C4B1E4AD}
		{76F8DB50-EF60-466F-920F-99234919F5A6} = {D425C224-EA5F-4F17-A9F5-06AD501854C4}
		{779E0116-44BB-4E75-B75B-02075569F276} = {689218D7-FC93-47D5-A95B-66780B9D4870}
		{259ECEB0-8218-4C64-82CE-E947B70F602E} = {B678CEEF-2268-4906-9610-9B12CB9C4D7B}
		{64E4925A-CA3D-4CB8-8377-6F319F89962F} = {ED711009-8175-4193-BFDA-FD88C4B1E4AD}
		{B281838A-3805-48EA-8368-5A1AFD59F95E} = {ED711009-8175-4193-BFDA-FD88C4B1E4AD}
		{DD690846-BCD7-464A-A330-C3B3D11B304B} = {689218D7-FC93-47D5-A95B-66780B9D4870}
	EndGlobalSection
	GlobalSection(ExtensibilityGlobals) = postSolution
		SolutionGuid = {DE8935B2-54F1-4FBD-98BB-8119E42B52A6}
	EndGlobalSection
EndGlobal
